{
  "name": "jsx2qa-cli-demo",
  "version": "1.0.0",
  "lockfileVersion": 1,
  "requires": true,
  "dependencies": {
    "@ali/motor-rax-text": {
      "version": "1.0.6",
      "resolved": "https://registry.npm.alibaba-inc.com/@ali/motor-rax-text/download/@ali/motor-rax-text-1.0.6.tgz",
      "integrity": "sha1-Ih6B9/ng/5R+QvFkflhw/UWamEo=",
      "requires": {
        "universal-env": "^3.0.0"
      }
    },
    "@babel/runtime": {
      "version": "7.7.7",
      "resolved": "https://registry.npm.alibaba-inc.com/@babel/runtime/download/@babel/runtime-7.7.7.tgz",
      "integrity": "sha1-GUdpyo1td5DsI2Ba+e4+QqCqec8=",
      "requires": {
        "regenerator-runtime": "^0.13.2"
      }
    },
    "classnames": {
      "version": "2.2.6",
      "resolved": "https://registry.npm.alibaba-inc.com/classnames/download/classnames-2.2.6.tgz",
      "integrity": "sha1-Q5Nb/90pHzJtrQogUwmzjQD2UM4="
    },
    "driver-dom": {
      "version": "2.0.6",
      "resolved": "https://registry.npm.alibaba-inc.com/driver-dom/download/driver-dom-2.0.6.tgz",
      "integrity": "sha1-dIW1GEKssY+/ELucep11bjY3VHI="
    },
    "driver-kraken": {
      "version": "0.1.1",
      "resolved": "https://registry.npm.alibaba-inc.com/driver-kraken/download/driver-kraken-0.1.1.tgz",
      "integrity": "sha1-t9CprHpgrASAOck8gucuQXe6oec=",
      "requires": {
        "driver-dom": "^2.0.4",
        "rax-is-valid-element": "^1.0.0"
      }
    },
    "driver-server": {
      "version": "1.0.0",
      "resolved": "https://registry.npm.alibaba-inc.com/driver-server/download/driver-server-1.0.0.tgz",
      "integrity": "sha1-L6Z5kdKq+mbdgIsaGYmxgSW7OMA="
    },
    "driver-universal": {
      "version": "2.2.0",
      "resolved": "https://registry.npm.alibaba-inc.com/driver-universal/download/driver-universal-2.2.0.tgz",
      "integrity": "sha1-elaBwDFjhTuGRLngXsmK6nk8JpI=",
      "requires": {
        "driver-dom": "^2.0.5",
        "driver-kraken": "^0.1.0",
        "driver-weex": "^1.0.0",
        "style-unit": "^2.0.0",
        "universal-env": "^3.0.0"
      }
    },
    "driver-weex": {
      "version": "1.0.1",
      "resolved": "https://registry.npm.alibaba-inc.com/driver-weex/download/driver-weex-1.0.1.tgz",
      "integrity": "sha1-ny5Pq7UUVoqQSxhRaLBxUO8HUZs="
    },
    "history": {
      "version": "4.10.1",
      "resolved": "https://registry.npm.alibaba-inc.com/history/download/history-4.10.1.tgz",
      "integrity": "sha1-MzcaZeOoOyZ0NOKz87G0xYqtTPM=",
      "requires": {
        "@babel/runtime": "^7.1.2",
        "loose-envify": "^1.2.0",
        "resolve-pathname": "^3.0.0",
        "tiny-invariant": "^1.0.2",
        "tiny-warning": "^1.0.0",
        "value-equal": "^1.0.1"
      }
    },
    "js-tokens": {
      "version": "4.0.0",
      "resolved": "https://registry.npm.alibaba-inc.com/js-tokens/download/js-tokens-4.0.0.tgz",
      "integrity": "sha1-GSA/tZmR35jjoocFDUZHzerzJJk="
    },
    "loose-envify": {
      "version": "1.4.0",
      "resolved": "https://registry.npm.alibaba-inc.com/loose-envify/download/loose-envify-1.4.0.tgz",
      "integrity": "sha1-ce5R+nvkyuwaY4OffmgtgTLTDK8=",
      "requires": {
        "js-tokens": "^3.0.0 || ^4.0.0"
      }
    },
    "object-assign": {
      "version": "4.1.1",
      "resolved": "https://registry.npm.alibaba-inc.com/object-assign/download/object-assign-4.1.1.tgz",
      "integrity": "sha1-IQmtx5ZYh8/AXLvUQsrIv7s2CGM="
    },
    "path-to-regexp": {
      "version": "3.2.0",
      "resolved": "https://registry.npm.alibaba-inc.com/path-to-regexp/download/path-to-regexp-3.2.0.tgz",
      "integrity": "sha1-+nh37LxJXGAZB1YiIkU8Q8wgSl8="
    },
    "prop-types": {
      "version": "15.7.2",
      "resolved": "https://registry.npm.alibaba-inc.com/prop-types/download/prop-types-15.7.2.tgz",
      "integrity": "sha1-UsQedbjIfnK52TYOAga5ncv/psU=",
      "requires": {
        "loose-envify": "^1.4.0",
        "object-assign": "^4.1.1",
        "react-is": "^16.8.1"
      }
    },
    "querystring": {
      "version": "0.2.0",
      "resolved": "https://registry.npm.alibaba-inc.com/querystring/download/querystring-0.2.0.tgz",
      "integrity": "sha1-sgmEkgO7Jd+CDadW50cAWHhSFiA="
    },
    "rax": {
      "version": "1.1.0",
      "resolved": "https://registry.npm.alibaba-inc.com/rax/download/rax-1.1.0.tgz",
      "integrity": "sha1-EkzM+EYsTTZ/Po+pb1pjfaSUKMc=",
      "requires": {
        "@babel/runtime": "^7.2.0",
        "driver-server": "^1.0.0",
        "prop-types": "^15.7.2",
        "rax-children": "^1.0.0",
        "rax-clone-element": "^1.0.0",
        "rax-create-factory": "^1.0.0",
        "rax-is-valid-element": "^1.0.0"
      }
    },
    "rax-app": {
      "version": "0.2.5",
      "resolved": "https://registry.npm.alibaba-inc.com/rax-app/download/rax-app-0.2.5.tgz",
      "integrity": "sha1-WAt+BGpnPeq5Lwas5/yp2GbPxng=",
      "requires": {
        "driver-universal": "^2.2.0",
        "history": "^4.9.0",
        "querystring": "^0.2.0",
        "rax-pwa": "^1.1.0",
        "rax-use-router": "^3.0.0",
        "universal-env": "^3.0.0"
      }
    },
    "rax-children": {
      "version": "1.0.0",
      "resolved": "https://registry.npm.alibaba-inc.com/rax-children/download/rax-children-1.0.0.tgz",
      "integrity": "sha1-bktBdMcjbxh/Sal/3/XehfmvH34="
    },
    "rax-clone-element": {
      "version": "1.0.0",
      "resolved": "https://registry.npm.alibaba-inc.com/rax-clone-element/download/rax-clone-element-1.0.0.tgz",
      "integrity": "sha1-0jX1urgXiYPXMKqNbGpPoJFAph0=",
      "requires": {
        "rax-is-valid-element": "^1.0.0"
      }
    },
    "rax-create-factory": {
      "version": "1.0.0",
      "resolved": "https://registry.npm.alibaba-inc.com/rax-create-factory/download/rax-create-factory-1.0.0.tgz",
      "integrity": "sha1-leja2jQydhQ1VFDYq7qA9o0Ek7c="
    },
    "rax-image": {
      "version": "1.1.3",
      "resolved": "https://registry.npm.alibaba-inc.com/rax-image/download/rax-image-1.1.3.tgz",
      "integrity": "sha1-KL/WU8K6U+YO/jqNE/HP8DXhKgk=",
      "requires": {
        "universal-env": "^1.0.0"
      },
      "dependencies": {
        "universal-env": {
          "version": "1.0.7",
          "resolved": "https://registry.npm.alibaba-inc.com/universal-env/download/universal-env-1.0.7.tgz",
          "integrity": "sha1-MaH50zKGd70fwBbBQTU8o1dmpFY="
        }
      }
    },
    "rax-is-valid-element": {
      "version": "1.0.0",
      "resolved": "https://registry.npm.alibaba-inc.com/rax-is-valid-element/download/rax-is-valid-element-1.0.0.tgz",
      "integrity": "sha1-yFg6CuabemtZsGONP5l8BuUAF14="
    },
    "rax-link": {
      "version": "1.1.1",
      "resolved": "https://registry.npm.alibaba-inc.com/rax-link/download/rax-link-1.1.1.tgz",
      "integrity": "sha1-nnhk5tV48WTfpyOqJ0UbNMwlwYc=",
      "requires": {
        "rax-text": "^1.0.1",
        "universal-env": "^1.0.0"
      },
      "dependencies": {
        "universal-env": {
          "version": "1.0.7",
          "resolved": "https://registry.npm.alibaba-inc.com/universal-env/download/universal-env-1.0.7.tgz",
          "integrity": "sha1-MaH50zKGd70fwBbBQTU8o1dmpFY="
        }
      }
    },
    "rax-pwa": {
      "version": "1.2.0",
      "resolved": "https://registry.npm.alibaba-inc.com/rax-pwa/download/rax-pwa-1.2.0.tgz",
      "integrity": "sha1-IDLxsLH79t08MsvUU1Y+R5j8WcI=",
      "requires": {
        "history": "^4.9.0",
        "path-to-regexp": "^3.0.0",
        "rax-image": "^1.1.2",
        "rax-link": "^1.0.2",
        "rax-server-renderer": "^1.0.1",
        "rax-text": "^1.0.2",
        "rax-use-router": "^2.0.0",
        "rax-view": "^1.1.0",
        "universal-env": "^2.0.0"
      },
      "dependencies": {
        "rax-use-router": {
          "version": "2.0.2",
          "resolved": "https://registry.npm.alibaba-inc.com/rax-use-router/download/rax-use-router-2.0.2.tgz",
          "integrity": "sha1-EyLGscWQpKqeZq1jVJgS/T8nLlU=",
          "requires": {
            "path-to-regexp": "^3.0.0"
          }
        },
        "universal-env": {
          "version": "2.0.0",
          "resolved": "https://registry.npm.alibaba-inc.com/universal-env/download/universal-env-2.0.0.tgz",
          "integrity": "sha1-tzSy9CumLEOE7qMZqfk3EJ3DpAY="
        }
      }
    },
    "rax-server-renderer": {
      "version": "1.1.5",
      "resolved": "https://registry.npm.alibaba-inc.com/rax-server-renderer/download/rax-server-renderer-1.1.5.tgz",
      "integrity": "sha1-KWr6FywZyUPt3iq04WuD4F7XjUk="
    },
    "rax-text": {
      "version": "1.1.6",
      "resolved": "https://registry.npm.alibaba-inc.com/rax-text/download/rax-text-1.1.6.tgz",
      "integrity": "sha1-ckbfOt8GxCEKBiYbV0JCiWJFqcg=",
      "requires": {
        "universal-env": "^3.0.0"
      }
    },
    "rax-use-router": {
      "version": "3.0.0",
      "resolved": "https://registry.npm.alibaba-inc.com/rax-use-router/download/rax-use-router-3.0.0.tgz",
      "integrity": "sha1-R6vCIFBQeUoslNvnCndM2BS3CX8=",
      "requires": {
        "path-to-regexp": "^3.0.0"
      }
    },
    "rax-view": {
      "version": "1.1.0",
      "resolved": "https://registry.npm.alibaba-inc.com/rax-view/download/rax-view-1.1.0.tgz",
      "integrity": "sha1-T/lbyttsU1XTQnU7f042TiGcNBE=",
      "requires": {
        "classnames": "^2.2.6",
        "universal-env": "^1.0.0"
      },
      "dependencies": {
        "universal-env": {
          "version": "1.0.7",
          "resolved": "https://registry.npm.alibaba-inc.com/universal-env/download/universal-env-1.0.7.tgz",
          "integrity": "sha1-MaH50zKGd70fwBbBQTU8o1dmpFY="
        }
      }
    },
    "react-is": {
      "version": "16.12.0",
      "resolved": "https://registry.npm.alibaba-inc.com/react-is/download/react-is-16.12.0.tgz",
      "integrity": "sha1-LMD+D7p0LZf9UnxCoTvsTusGJBw="
    },
    "regenerator-runtime": {
      "version": "0.13.3",
      "resolved": "https://registry.npm.alibaba-inc.com/regenerator-runtime/download/regenerator-runtime-0.13.3.tgz",
      "integrity": "sha1-fPanfY9cb2Drc8X8GVWyzrAea/U="
    },
    "resolve-pathname": {
      "version": "3.0.0",
      "resolved": "https://registry.npm.alibaba-inc.com/resolve-pathname/download/resolve-pathname-3.0.0.tgz",
      "integrity": "sha1-mdAiJNPPJjaJvsuzk7xWAxMCXc0="
    },
    "style-unit": {
      "version": "2.0.1",
      "resolved": "https://registry.npm.alibaba-inc.com/style-unit/download/style-unit-2.0.1.tgz",
      "integrity": "sha1-yTxqAFtGZxut+V32VEUCkNUO690=",
      "requires": {
        "universal-env": "^2.0.0"
      },
      "dependencies": {
        "universal-env": {
          "version": "2.0.0",
          "resolved": "https://registry.npm.alibaba-inc.com/universal-env/download/universal-env-2.0.0.tgz",
          "integrity": "sha1-tzSy9CumLEOE7qMZqfk3EJ3DpAY="
        }
      }
    },
    "tiny-invariant": {
      "version": "1.0.6",
      "resolved": "https://registry.npm.alibaba-inc.com/tiny-invariant/download/tiny-invariant-1.0.6.tgz",
      "integrity": "sha1-s/mziDXjakHIQ6OwkHpaezdV3nM="
    },
    "tiny-warning": {
      "version": "1.0.3",
      "resolved": "https://registry.npm.alibaba-inc.com/tiny-warning/download/tiny-warning-1.0.3.tgz",
      "integrity": "sha1-lKMNtFPfTGQ9D9VmBg1gqHXYR1Q="
    },
    "universal-env": {
      "version": "3.0.0",
      "resolved": "https://registry.npm.alibaba-inc.com/universal-env/download/universal-env-3.0.0.tgz",
      "integrity": "sha1-MLsH8NH5odOX5rQPTHwyWlv6iQ0="
    },
    "value-equal": {
      "version": "1.0.1",
      "resolved": "https://registry.npm.alibaba-inc.com/value-equal/download/value-equal-1.0.1.tgz",
      "integrity": "sha1-Hgt5THNMXAyt4XnEN9NW2TGjTWw="
    }
  }
}
